{
    "name": "elastos-wallet-js",
    "version": "1.0.9",
    "lockfileVersion": 1,
    "requires": true,
    "dependencies": {
        "@types/concat-stream": {
            "version": "1.6.0",
            "resolved": "https://registry.npmjs.org/@types/concat-stream/-/concat-stream-1.6.0.tgz",
            "integrity": "sha1-OU2+C7X+5Gs42JZzXoto7yOQ0A0=",
            "requires": {
                "@types/node": "*"
            }
        },
        "@types/form-data": {
            "version": "0.0.33",
            "resolved": "https://registry.npmjs.org/@types/form-data/-/form-data-0.0.33.tgz",
            "integrity": "sha1-yayFsqX9GENbjIXZ7LUObWyJP/g=",
            "requires": {
                "@types/node": "*"
            }
        },
        "@types/node": {
            "version": "10.17.17",
            "resolved": "https://registry.npmjs.org/@types/node/-/node-10.17.17.tgz",
            "integrity": "sha512-gpNnRnZP3VWzzj5k3qrpRC6Rk3H/uclhAVo1aIvwzK5p5cOrs9yEyQ8H/HBsBY0u5rrWxXEiVPQ0dEB6pkjE8Q=="
        },
        "@types/qs": {
            "version": "6.9.1",
            "resolved": "https://registry.npmjs.org/@types/qs/-/qs-6.9.1.tgz",
            "integrity": "sha512-lhbQXx9HKZAPgBkISrBcmAcMpZsmpe/Cd/hY7LGZS5OfkySUBItnPZHgQPssWYUET8elF+yCFBbP1Q0RZPTdaw=="
        },
        "asap": {
            "version": "2.0.6",
            "resolved": "https://registry.npmjs.org/asap/-/asap-2.0.6.tgz",
            "integrity": "sha1-5QNHYR1+aQlDIIu9r+vLwvuGbUY="
        },
        "asynckit": {
            "version": "0.4.0",
            "resolved": "https://registry.npmjs.org/asynckit/-/asynckit-0.4.0.tgz",
            "integrity": "sha1-x57Zf380y48robyXkLzDZkdLS3k="
        },
        "balanced-match": {
            "version": "1.0.0",
            "resolved": "https://registry.npmjs.org/balanced-match/-/balanced-match-1.0.0.tgz",
            "integrity": "sha1-ibTRmasr7kneFk6gK4nORi1xt2c=",
            "dev": true
        },
        "base-x": {
            "version": "3.0.8",
            "resolved": "https://registry.npmjs.org/base-x/-/base-x-3.0.8.tgz",
            "integrity": "sha512-Rl/1AWP4J/zRrk54hhlxH4drNxPJXYUaKffODVI53/dAsV4t9fBxyxYKAVPU1XBHxYwOWP9h9H0hM2MVw4YfJA==",
            "requires": {
                "safe-buffer": "^5.0.1"
            }
        },
        "bip39": {
            "version": "2.6.0",
            "resolved": "https://registry.npmjs.org/bip39/-/bip39-2.6.0.tgz",
            "integrity": "sha512-RrnQRG2EgEoqO24ea+Q/fftuPUZLmrEM3qNhhGsA3PbaXaCW791LTzPuVyx/VprXQcTbPJ3K3UeTna8ZnVl2sg==",
            "requires": {
                "create-hash": "^1.1.0",
                "pbkdf2": "^3.0.9",
                "randombytes": "^2.0.1",
                "safe-buffer": "^5.0.1",
                "unorm": "^1.3.3"
            }
        },
        "bitcore-lib-p256": {
            "version": "0.16.0",
            "resolved": "https://registry.npmjs.org/bitcore-lib-p256/-/bitcore-lib-p256-0.16.0.tgz",
            "integrity": "sha512-zuWJXrdLCsj562kwvN4XFxTUa86QV9cQymAtDuGdY4OGEvDcKcvSsx5Kq1WH3DX41PbxDbfovAQ0vuVAqgfnnw==",
            "requires": {
                "bn.js": "=4.11.8",
                "bs58": "=4.0.1",
                "buffer-compare": "=1.1.1",
                "elliptic": "=6.4.0",
                "inherits": "=2.0.1",
                "lodash": "=4.17.11"
            },
            "dependencies": {
                "inherits": {
                    "version": "2.0.1",
                    "resolved": "https://registry.npmjs.org/inherits/-/inherits-2.0.1.tgz",
                    "integrity": "sha1-sX0I0ya0Qj5Wjv9xn5GwscvfafE="
                },
                "lodash": {
                    "version": "4.17.11",
                    "resolved": "https://registry.npmjs.org/lodash/-/lodash-4.17.11.tgz",
                    "integrity": "sha512-cQKh8igo5QUhZ7lg38DYWAxMvjSAKG0A8wGSVimP07SIUEK2UO+arSRKbRZWtelMtN5V0Hkwh5ryOto/SshYIg=="
                }
            }
        },
        "bn.js": {
            "version": "4.11.8",
            "resolved": "https://registry.npmjs.org/bn.js/-/bn.js-4.11.8.tgz",
            "integrity": "sha512-ItfYfPLkWHUjckQCk8xC+LwxgK8NYcXywGigJgSwOP8Y2iyWT4f2vsZnoOXTTbo+o5yXmIUJ4gn5538SO5S3gA=="
        },
        "brace-expansion": {
            "version": "1.1.11",
            "resolved": "https://registry.npmjs.org/brace-expansion/-/brace-expansion-1.1.11.tgz",
            "integrity": "sha512-iCuPHDFgrHX7H2vEI/5xpz07zSHB00TpugqhmYtVmMO6518mCuRMoOYFldEBl0g187ufozdaHgWKcYFb61qGiA==",
            "dev": true,
            "requires": {
                "balanced-match": "^1.0.0",
                "concat-map": "0.0.1"
            }
        },
        "brorand": {
            "version": "1.1.0",
            "resolved": "https://registry.npmjs.org/brorand/-/brorand-1.1.0.tgz",
            "integrity": "sha1-EsJe/kCkXjwyPrhnWgoM5XsiNx8="
        },
        "bs58": {
            "version": "4.0.1",
            "resolved": "https://registry.npmjs.org/bs58/-/bs58-4.0.1.tgz",
            "integrity": "sha1-vhYedsNU9veIrkBx9j806MTwpCo=",
            "requires": {
                "base-x": "^3.0.2"
            }
        },
        "buffer-compare": {
            "version": "1.1.1",
            "resolved": "https://registry.npmjs.org/buffer-compare/-/buffer-compare-1.1.1.tgz",
            "integrity": "sha1-W+e+hTr4kZjR9N3AkNHWakiu9ZY="
        },
        "buffer-from": {
            "version": "1.1.1",
            "resolved": "https://registry.npmjs.org/buffer-from/-/buffer-from-1.1.1.tgz",
            "integrity": "sha512-MQcXEUbCKtEo7bhqEs6560Hyd4XaovZlO/k9V3hjVUF/zwW7KBVdSK4gIt/bzwS9MbR5qob+F5jusZsb0YQK2A=="
        },
        "caseless": {
            "version": "0.12.0",
            "resolved": "https://registry.npmjs.org/caseless/-/caseless-0.12.0.tgz",
            "integrity": "sha1-G2gcIf+EAzyCZUMJBolCDRhxUdw="
        },
        "cipher-base": {
            "version": "1.0.4",
            "resolved": "https://registry.npmjs.org/cipher-base/-/cipher-base-1.0.4.tgz",
            "integrity": "sha512-Kkht5ye6ZGmwv40uUDZztayT2ThLQGfnj/T71N/XzeZeo3nf8foyW7zGTsPYkEya3m5f3cAypH+qe7YOrM1U2Q==",
            "requires": {
                "inherits": "^2.0.1",
                "safe-buffer": "^5.0.1"
            }
        },
        "combined-stream": {
            "version": "1.0.8",
            "resolved": "https://registry.npmjs.org/combined-stream/-/combined-stream-1.0.8.tgz",
            "integrity": "sha512-FQN4MRfuJeHf7cBbBMJFXhKSDq+2kAArBlmRBvcvFE5BB1HZKXtSFASDhdlz9zOYwxh8lDdnvmMOe/+5cdoEdg==",
            "requires": {
                "delayed-stream": "~1.0.0"
            }
        },
        "concat-map": {
            "version": "0.0.1",
            "resolved": "https://registry.npmjs.org/concat-map/-/concat-map-0.0.1.tgz",
            "integrity": "sha1-2Klr13/Wjfd5OnMDajug1UBdR3s=",
            "dev": true
        },
        "concat-stream": {
            "version": "1.6.2",
            "resolved": "https://registry.npmjs.org/concat-stream/-/concat-stream-1.6.2.tgz",
            "integrity": "sha512-27HBghJxjiZtIk3Ycvn/4kbJk/1uZuJFfuPEns6LaEvpvG1f0hTea8lilrouyo9mVc2GWdcEZ8OLoGmSADlrCw==",
            "requires": {
                "buffer-from": "^1.0.0",
                "inherits": "^2.0.3",
                "readable-stream": "^2.2.2",
                "typedarray": "^0.0.6"
            }
        },
        "core-util-is": {
            "version": "1.0.2",
            "resolved": "https://registry.npmjs.org/core-util-is/-/core-util-is-1.0.2.tgz",
            "integrity": "sha1-tf1UIgqivFq1eqtxQMlAdUUDwac="
        },
        "create-hash": {
            "version": "1.2.0",
            "resolved": "https://registry.npmjs.org/create-hash/-/create-hash-1.2.0.tgz",
            "integrity": "sha512-z00bCGNHDG8mHAkP7CtT1qVu+bFQUPjYq/4Iv3C3kWjTFV10zIjfSoeqXo9Asws8gwSHDGj/hl2u4OGIjapeCg==",
            "requires": {
                "cipher-base": "^1.0.1",
                "inherits": "^2.0.1",
                "md5.js": "^1.3.4",
                "ripemd160": "^2.0.1",
                "sha.js": "^2.4.0"
            }
        },
        "create-hmac": {
            "version": "1.1.7",
            "resolved": "https://registry.npmjs.org/create-hmac/-/create-hmac-1.1.7.tgz",
            "integrity": "sha512-MJG9liiZ+ogc4TzUwuvbER1JRdgvUFSB5+VR/g5h82fGaIRWMWddtKBHi7/sVhfjQZ6SehlyhvQYrcYkaUIpLg==",
            "requires": {
                "cipher-base": "^1.0.3",
                "create-hash": "^1.1.0",
                "inherits": "^2.0.1",
                "ripemd160": "^2.0.0",
                "safe-buffer": "^5.0.1",
                "sha.js": "^2.4.8"
            }
        },
        "delayed-stream": {
            "version": "1.0.0",
            "resolved": "https://registry.npmjs.org/delayed-stream/-/delayed-stream-1.0.0.tgz",
            "integrity": "sha1-3zrhmayt+31ECqrgsp4icrJOxhk="
        },
        "elliptic": {
            "version": "6.4.0",
            "resolved": "https://registry.npmjs.org/elliptic/-/elliptic-6.4.0.tgz",
            "integrity": "sha1-ysmvh2LIWDYYcAPI3+GT5eLq5d8=",
            "requires": {
                "bn.js": "^4.4.0",
                "brorand": "^1.0.1",
                "hash.js": "^1.0.0",
                "hmac-drbg": "^1.0.0",
                "inherits": "^2.0.1",
                "minimalistic-assert": "^1.0.0",
                "minimalistic-crypto-utils": "^1.0.0"
            }
        },
        "form-data": {
            "version": "2.5.1",
            "resolved": "https://registry.npmjs.org/form-data/-/form-data-2.5.1.tgz",
            "integrity": "sha512-m21N3WOmEEURgk6B9GLOE4RuWOFf28Lhh9qGYeNlGq4VDXUlJy2th2slBNU8Gp8EzloYZOibZJ7t5ecIrFSjVA==",
            "requires": {
                "asynckit": "^0.4.0",
                "combined-stream": "^1.0.6",
                "mime-types": "^2.1.12"
            }
        },
        "fs.realpath": {
            "version": "1.0.0",
            "resolved": "https://registry.npmjs.org/fs.realpath/-/fs.realpath-1.0.0.tgz",
            "integrity": "sha1-FQStJSMVjKpA20onh8sBQRmU6k8=",
            "dev": true
        },
        "get-port": {
            "version": "3.2.0",
            "resolved": "https://registry.npmjs.org/get-port/-/get-port-3.2.0.tgz",
            "integrity": "sha1-3Xzn3hh8Bsi/NTeWrHHgmfCYDrw="
        },
        "glob": {
            "version": "7.1.6",
            "resolved": "https://registry.npmjs.org/glob/-/glob-7.1.6.tgz",
            "integrity": "sha512-LwaxwyZ72Lk7vZINtNNrywX0ZuLyStrdDtabefZKAY5ZGJhVtgdznluResxNmPitE0SAO+O26sWTHeKSI2wMBA==",
            "dev": true,
            "requires": {
                "fs.realpath": "^1.0.0",
                "inflight": "^1.0.4",
                "inherits": "2",
                "minimatch": "^3.0.4",
                "once": "^1.3.0",
                "path-is-absolute": "^1.0.0"
            }
        },
        "hash-base": {
            "version": "3.0.4",
            "resolved": "https://registry.npmjs.org/hash-base/-/hash-base-3.0.4.tgz",
            "integrity": "sha1-X8hoaEfs1zSZQDMZprCj8/auSRg=",
            "requires": {
                "inherits": "^2.0.1",
                "safe-buffer": "^5.0.1"
            }
        },
        "hash.js": {
            "version": "1.1.7",
            "resolved": "https://registry.npmjs.org/hash.js/-/hash.js-1.1.7.tgz",
            "integrity": "sha512-taOaskGt4z4SOANNseOviYDvjEJinIkRgmp7LbKP2YTTmVxWBl87s/uzK9r+44BclBSp2X7K1hqeNfz9JbBeXA==",
            "requires": {
                "inherits": "^2.0.3",
                "minimalistic-assert": "^1.0.1"
            }
        },
        "hmac-drbg": {
            "version": "1.0.1",
            "resolved": "https://registry.npmjs.org/hmac-drbg/-/hmac-drbg-1.0.1.tgz",
            "integrity": "sha1-0nRXAQJabHdabFRXk+1QL8DGSaE=",
            "requires": {
                "hash.js": "^1.0.3",
                "minimalistic-assert": "^1.0.0",
                "minimalistic-crypto-utils": "^1.0.1"
            }
        },
        "http-basic": {
            "version": "8.1.3",
            "resolved": "https://registry.npmjs.org/http-basic/-/http-basic-8.1.3.tgz",
            "integrity": "sha512-/EcDMwJZh3mABI2NhGfHOGOeOZITqfkEO4p/xK+l3NpyncIHUQBoMvCSF/b5GqvKtySC2srL/GGG3+EtlqlmCw==",
            "requires": {
                "caseless": "^0.12.0",
                "concat-stream": "^1.6.2",
                "http-response-object": "^3.0.1",
                "parse-cache-control": "^1.0.1"
            }
        },
        "http-response-object": {
            "version": "3.0.2",
            "resolved": "https://registry.npmjs.org/http-response-object/-/http-response-object-3.0.2.tgz",
            "integrity": "sha512-bqX0XTF6fnXSQcEJ2Iuyr75yVakyjIDCqroJQ/aHfSdlM743Cwqoi2nDYMzLGWUcuTWGWy8AAvOKXTfiv6q9RA==",
            "requires": {
                "@types/node": "^10.0.3"
            }
        },
        "inflight": {
            "version": "1.0.6",
            "resolved": "https://registry.npmjs.org/inflight/-/inflight-1.0.6.tgz",
            "integrity": "sha1-Sb1jMdfQLQwJvJEKEHW6gWW1bfk=",
            "dev": true,
            "requires": {
                "once": "^1.3.0",
                "wrappy": "1"
            }
        },
        "inherits": {
            "version": "2.0.4",
            "resolved": "https://registry.npmjs.org/inherits/-/inherits-2.0.4.tgz",
            "integrity": "sha512-k/vGaX4/Yla3WzyMCvTQOXYeIHvqOKtnqBduzTHpzpQZzAskKMhZ2K+EnBiSM9zGSoIFeMpXKxa4dYeZIQqewQ=="
        },
        "isarray": {
            "version": "1.0.0",
            "resolved": "https://registry.npmjs.org/isarray/-/isarray-1.0.0.tgz",
            "integrity": "sha1-u5NdSFgsuhaMBoNJV6VKPgcSTxE="
        },
        "jasmine": {
            "version": "3.5.0",
            "resolved": "https://registry.npmjs.org/jasmine/-/jasmine-3.5.0.tgz",
            "integrity": "sha512-DYypSryORqzsGoMazemIHUfMkXM7I7easFaxAvNM3Mr6Xz3Fy36TupTrAOxZWN8MVKEU5xECv22J4tUQf3uBzQ==",
            "dev": true,
            "requires": {
                "glob": "^7.1.4",
                "jasmine-core": "~3.5.0"
            }
        },
        "jasmine-core": {
            "version": "3.5.0",
            "resolved": "https://registry.npmjs.org/jasmine-core/-/jasmine-core-3.5.0.tgz",
            "integrity": "sha512-nCeAiw37MIMA9w9IXso7bRaLl+c/ef3wnxsoSAlYrzS+Ot0zTG6nU8G/cIfGkqpkjX2wNaIW9RFG0TwIFnG6bA==",
            "dev": true
        },
        "jsrsasign": {
            "version": "8.0.12",
            "resolved": "https://registry.npmjs.org/jsrsasign/-/jsrsasign-8.0.12.tgz",
            "integrity": "sha1-Iqu5ZW00owuVMENnIINeicLlwxY="
        },
        "lodash": {
            "version": "4.17.15",
            "resolved": "https://registry.npmjs.org/lodash/-/lodash-4.17.15.tgz",
            "integrity": "sha512-8xOcRHvCjnocdS5cpwXQXVzmmh5e5+saE2QGoeQmbKmRS6J3VQppPOIt0MnmE+4xlZoumy0GPG0D0MVIQbNA1A=="
        },
        "md5.js": {
            "version": "1.3.5",
            "resolved": "https://registry.npmjs.org/md5.js/-/md5.js-1.3.5.tgz",
            "integrity": "sha512-xitP+WxNPcTTOgnTJcrhM0xvdPepipPSf3I8EIpGKeFLjt3PlJLIDG3u8EX53ZIubkb+5U2+3rELYpEhHhzdkg==",
            "requires": {
                "hash-base": "^3.0.0",
                "inherits": "^2.0.1",
                "safe-buffer": "^5.1.2"
            }
        },
        "mime-db": {
            "version": "1.43.0",
            "resolved": "https://registry.npmjs.org/mime-db/-/mime-db-1.43.0.tgz",
            "integrity": "sha512-+5dsGEEovYbT8UY9yD7eE4XTc4UwJ1jBYlgaQQF38ENsKR3wj/8q8RFZrF9WIZpB2V1ArTVFUva8sAul1NzRzQ=="
        },
        "mime-types": {
            "version": "2.1.26",
            "resolved": "https://registry.npmjs.org/mime-types/-/mime-types-2.1.26.tgz",
            "integrity": "sha512-01paPWYgLrkqAyrlDorC1uDwl2p3qZT7yl806vW7DvDoxwXi46jsjFbg+WdwotBIk6/MbEhO/dh5aZ5sNj/dWQ==",
            "requires": {
                "mime-db": "1.43.0"
            }
        },
        "minimalistic-assert": {
            "version": "1.0.1",
            "resolved": "https://registry.npmjs.org/minimalistic-assert/-/minimalistic-assert-1.0.1.tgz",
            "integrity": "sha512-UtJcAD4yEaGtjPezWuO9wC4nwUnVH/8/Im3yEHQP4b67cXlD/Qr9hdITCU1xDbSEXg2XKNaP8jsReV7vQd00/A=="
        },
        "minimalistic-crypto-utils": {
            "version": "1.0.1",
            "resolved": "https://registry.npmjs.org/minimalistic-crypto-utils/-/minimalistic-crypto-utils-1.0.1.tgz",
            "integrity": "sha1-9sAMHAsIIkblxNmd+4x8CDsrWCo="
        },
        "minimatch": {
            "version": "3.0.4",
            "resolved": "https://registry.npmjs.org/minimatch/-/minimatch-3.0.4.tgz",
            "integrity": "sha512-yJHVQEhyqPLUTgt9B83PXu6W3rx4MvvHvSUvToogpwoGDOUQ+yDrR0HRot+yOCdCO7u4hX3pWft6kWBBcqh0UA==",
            "dev": true,
            "requires": {
                "brace-expansion": "^1.1.7"
            }
        },
        "once": {
            "version": "1.4.0",
            "resolved": "https://registry.npmjs.org/once/-/once-1.4.0.tgz",
            "integrity": "sha1-WDsap3WWHUsROsF9nFC6753Xa9E=",
            "dev": true,
            "requires": {
                "wrappy": "1"
            }
        },
        "parse-cache-control": {
            "version": "1.0.1",
            "resolved": "https://registry.npmjs.org/parse-cache-control/-/parse-cache-control-1.0.1.tgz",
            "integrity": "sha1-juqz5U+laSD+Fro493+iGqzC104="
        },
        "path-is-absolute": {
            "version": "1.0.1",
            "resolved": "https://registry.npmjs.org/path-is-absolute/-/path-is-absolute-1.0.1.tgz",
            "integrity": "sha1-F0uSaHNVNP+8es5r9TpanhtcX18=",
            "dev": true
        },
        "pbkdf2": {
            "version": "3.0.17",
            "resolved": "https://registry.npmjs.org/pbkdf2/-/pbkdf2-3.0.17.tgz",
            "integrity": "sha512-U/il5MsrZp7mGg3mSQfn742na2T+1/vHDCG5/iTI3X9MKUuYUZVLQhyRsg06mCgDBTd57TxzgZt7P+fYfjRLtA==",
            "requires": {
                "create-hash": "^1.1.2",
                "create-hmac": "^1.1.4",
                "ripemd160": "^2.0.1",
                "safe-buffer": "^5.0.1",
                "sha.js": "^2.4.8"
            }
        },
        "process-nextick-args": {
            "version": "2.0.1",
            "resolved": "https://registry.npmjs.org/process-nextick-args/-/process-nextick-args-2.0.1.tgz",
            "integrity": "sha512-3ouUOpQhtgrbOa17J7+uxOTpITYWaGP7/AhoR3+A+/1e9skrzelGi/dXzEYyvbxubEF6Wn2ypscTKiKJFFn1ag=="
        },
        "promise": {
            "version": "8.0.3",
            "resolved": "https://registry.npmjs.org/promise/-/promise-8.0.3.tgz",
            "integrity": "sha512-HeRDUL1RJiLhyA0/grn+PTShlBAcLuh/1BJGtrvjwbvRDCTLLMEz9rOGCV+R3vHY4MixIuoMEd9Yq/XvsTPcjw==",
            "requires": {
                "asap": "~2.0.6"
            }
        },
        "qs": {
            "version": "6.9.1",
            "resolved": "https://registry.npmjs.org/qs/-/qs-6.9.1.tgz",
            "integrity": "sha512-Cxm7/SS/y/Z3MHWSxXb8lIFqgqBowP5JMlTUFyJN88y0SGQhVmZnqFK/PeuMX9LzUyWsqqhNxIyg0jlzq946yA=="
        },
        "randombytes": {
            "version": "2.1.0",
            "resolved": "https://registry.npmjs.org/randombytes/-/randombytes-2.1.0.tgz",
            "integrity": "sha512-vYl3iOX+4CKUWuxGi9Ukhie6fsqXqS9FE2Zaic4tNFD2N2QQaXOMFbuKK4QmDHC0JO6B1Zp41J0LpT0oR68amQ==",
            "requires": {
                "safe-buffer": "^5.1.0"
            }
        },
        "readable-stream": {
            "version": "2.3.7",
            "resolved": "https://registry.npmjs.org/readable-stream/-/readable-stream-2.3.7.tgz",
            "integrity": "sha512-Ebho8K4jIbHAxnuxi7o42OrZgF/ZTNcsZj6nRKyUmkhLFq8CHItp/fy6hQZuZmP/n3yZ9VBUbp4zz/mX8hmYPw==",
            "requires": {
                "core-util-is": "~1.0.0",
                "inherits": "~2.0.3",
                "isarray": "~1.0.0",
                "process-nextick-args": "~2.0.0",
                "safe-buffer": "~5.1.1",
                "string_decoder": "~1.1.1",
                "util-deprecate": "~1.0.1"
            },
            "dependencies": {
                "safe-buffer": {
                    "version": "5.1.2",
                    "resolved": "https://registry.npmjs.org/safe-buffer/-/safe-buffer-5.1.2.tgz",
                    "integrity": "sha512-Gd2UZBJDkXlY7GbJxfsE8/nvKkUEU1G38c1siN6QP6a9PT9MmHB8GnpscSmMJSoF8LOIrt8ud/wPtojys4G6+g=="
                }
            }
        },
        "ripemd160": {
            "version": "2.0.2",
            "resolved": "https://registry.npmjs.org/ripemd160/-/ripemd160-2.0.2.tgz",
            "integrity": "sha512-ii4iagi25WusVoiC4B4lq7pbXfAp3D9v5CwfkY33vffw2+pkDjY1D8GaN7spsxvCSx8dkPqOZCEZyfxcmJG2IA==",
            "requires": {
                "hash-base": "^3.0.0",
                "inherits": "^2.0.1"
            }
        },
        "safe-buffer": {
            "version": "5.2.0",
            "resolved": "https://registry.npmjs.org/safe-buffer/-/safe-buffer-5.2.0.tgz",
            "integrity": "sha512-fZEwUGbVl7kouZs1jCdMLdt95hdIv0ZeHg6L7qPeciMZhZ+/gdesW4wgTARkrFWEpspjEATAzUGPG8N2jJiwbg=="
        },
        "sha.js": {
            "version": "2.4.11",
            "resolved": "https://registry.npmjs.org/sha.js/-/sha.js-2.4.11.tgz",
            "integrity": "sha512-QMEp5B7cftE7APOjk5Y6xgrbWu+WkLVQwk8JNjZ8nKRciZaByEW6MubieAiToS7+dwvrjGhH8jRXz3MVd0AYqQ==",
            "requires": {
                "inherits": "^2.0.1",
                "safe-buffer": "^5.0.1"
            }
        },
        "string_decoder": {
            "version": "1.1.1",
            "resolved": "https://registry.npmjs.org/string_decoder/-/string_decoder-1.1.1.tgz",
            "integrity": "sha512-n/ShnvDi6FHbbVfviro+WojiFzv+s8MPMHBczVePfUpDJLwoLT0ht1l4YwBCbi8pJAveEEdnkHyPyTP/mzRfwg==",
            "requires": {
                "safe-buffer": "~5.1.0"
            },
            "dependencies": {
                "safe-buffer": {
                    "version": "5.1.2",
                    "resolved": "https://registry.npmjs.org/safe-buffer/-/safe-buffer-5.1.2.tgz",
                    "integrity": "sha512-Gd2UZBJDkXlY7GbJxfsE8/nvKkUEU1G38c1siN6QP6a9PT9MmHB8GnpscSmMJSoF8LOIrt8ud/wPtojys4G6+g=="
                }
            }
        },
        "sync-request": {
            "version": "6.1.0",
            "resolved": "https://registry.npmjs.org/sync-request/-/sync-request-6.1.0.tgz",
            "integrity": "sha512-8fjNkrNlNCrVc/av+Jn+xxqfCjYaBoHqCsDz6mt030UMxJGr+GSfCV1dQt2gRtlL63+VPidwDVLr7V2OcTSdRw==",
            "requires": {
                "http-response-object": "^3.0.1",
                "sync-rpc": "^1.2.1",
                "then-request": "^6.0.0"
            }
        },
        "sync-rpc": {
            "version": "1.3.6",
            "resolved": "https://registry.npmjs.org/sync-rpc/-/sync-rpc-1.3.6.tgz",
            "integrity": "sha512-J8jTXuZzRlvU7HemDgHi3pGnh/rkoqR/OZSjhTyyZrEkkYQbk7Z33AXp37mkPfPpfdOuj7Ex3H/TJM1z48uPQw==",
            "requires": {
                "get-port": "^3.1.0"
            }
        },
        "then-request": {
            "version": "6.0.2",
            "resolved": "https://registry.npmjs.org/then-request/-/then-request-6.0.2.tgz",
            "integrity": "sha512-3ZBiG7JvP3wbDzA9iNY5zJQcHL4jn/0BWtXIkagfz7QgOL/LqjCEOBQuJNZfu0XYnv5JhKh+cDxCPM4ILrqruA==",
            "requires": {
                "@types/concat-stream": "^1.6.0",
                "@types/form-data": "0.0.33",
                "@types/node": "^8.0.0",
                "@types/qs": "^6.2.31",
                "caseless": "~0.12.0",
                "concat-stream": "^1.6.0",
                "form-data": "^2.2.0",
                "http-basic": "^8.1.1",
                "http-response-object": "^3.0.1",
                "promise": "^8.0.0",
                "qs": "^6.4.0"
            },
            "dependencies": {
                "@types/node": {
                    "version": "8.10.59",
                    "resolved": "https://registry.npmjs.org/@types/node/-/node-8.10.59.tgz",
                    "integrity": "sha512-8RkBivJrDCyPpBXhVZcjh7cQxVBSmRk9QM7hOketZzp6Tg79c0N8kkpAIito9bnJ3HCVCHVYz+KHTEbfQNfeVQ=="
                }
            }
        },
        "typedarray": {
            "version": "0.0.6",
            "resolved": "https://registry.npmjs.org/typedarray/-/typedarray-0.0.6.tgz",
            "integrity": "sha1-hnrHTjhkGHsdPUfZlqeOxciDB3c="
        },
        "unorm": {
            "version": "1.6.0",
            "resolved": "https://registry.npmjs.org/unorm/-/unorm-1.6.0.tgz",
            "integrity": "sha512-b2/KCUlYZUeA7JFUuRJZPUtr4gZvBh7tavtv4fvk4+KV9pfGiR6CQAQAWl49ZpR3ts2dk4FYkP7EIgDJoiOLDA=="
        },
        "util-deprecate": {
            "version": "1.0.2",
            "resolved": "https://registry.npmjs.org/util-deprecate/-/util-deprecate-1.0.2.tgz",
            "integrity": "sha1-RQ1Nyfpw3nMnYvvS1KKJgUGaDM8="
        },
        "wrappy": {
            "version": "1.0.2",
            "resolved": "https://registry.npmjs.org/wrappy/-/wrappy-1.0.2.tgz",
            "integrity": "sha1-tSQ9jz7BqjXxNkYFvA0QNuMKtp8=",
            "dev": true
        },
        "yarn": {
            "version": "1.22.0",
            "resolved": "https://registry.npmjs.org/yarn/-/yarn-1.22.0.tgz",
            "integrity": "sha512-KMHP/Jq53jZKTY9iTUt3dIVl/be6UPs2INo96+BnZHLKxYNTfwMmlgHTaMWyGZoO74RI4AIFvnWhYrXq2USJkg=="
        }
    }
}
